// !$*UTF8*$!
{
	archiveVersion = 1;
	classes = {
	};
	objectVersion = 46;
	objects = {

/* Begin PBXBuildFile section */
		056896131A7FE9C800D41B48 /* main.cpp in Sources */ = {isa = PBXBuildFile; fileRef = 056896121A7FE9C800D41B48 /* main.cpp */; };
/* End PBXBuildFile section */

/* Begin PBXCopyFilesBuildPhase section */
		0568960D1A7FE9C800D41B48 /* CopyFiles */ = {
			isa = PBXCopyFilesBuildPhase;
			buildActionMask = 2147483647;
			dstPath = /usr/share/man/man1/;
			dstSubfolderSpec = 0;
			files = (
			);
			runOnlyForDeploymentPostprocessing = 1;
		};
/* End PBXCopyFilesBuildPhase section */

/* Begin PBXFileReference section */
		0568960F1A7FE9C800D41B48 /* autodiver_cpp */ = {isa = PBXFileReference; explicitFileType = "compiled.mach-o.executable"; includeInIndex = 0; path = autodiver_cpp; sourceTree = BUILT_PRODUCTS_DIR; };
		056896121A7FE9C800D41B48 /* main.cpp */ = {isa = PBXFileReference; lastKnownFileType = sourcecode.cpp.cpp; path = main.cpp; sourceTree = "<group>"; };
/* End PBXFileReference section */

/* Begin PBXFrameworksBuildPhase section */
		0568960C1A7FE9C800D41B48 /* Frameworks */ = {
			isa = PBXFrameworksBuildPhase;
			buildActionMask = 2147483647;
			files = (
			);
			runOnlyForDeploymentPostprocessing = 0;
		};
/* End PBXFrameworksBuildPhase section */

/* Begin PBXGroup section */
		056896061A7FE9C800D41B48 = {
			isa = PBXGroup;
			children = (
				056896111A7FE9C800D41B48 /* autodiver_cpp */,
				056896101A7FE9C800D41B48 /* Products */,
			);
			sourceTree = "<group>";
		};
		056896101A7FE9C800D41B48 /* Products */ = {
			isa = PBXGroup;
			children = (
				0568960F1A7FE9C800D41B48 /* autodiver_cpp */,
			);
			name = Products;
			sourceTree = "<group>";
		};
		056896111A7FE9C800D41B48 /* autodiver_cpp */ = {
			isa = PBXGroup;
			children = (
				056896121A7FE9C800D41B48 /* main.cpp */,
			);
			path = autodiver_cpp;
			sourceTree = "<group>";
		};
/* End PBXGroup section */

/* Begin PBXNativeTarget section */
		0568960E1A7FE9C800D41B48 /* autodiver_cpp */ = {
			isa = PBXNativeTarget;
			buildConfigurationList = 056896161A7FE9C800D41B48 /* Build configuration list for PBXNativeTarget "autodiver_cpp" */;
			buildPhases = (
				0568960B1A7FE9C800D41B48 /* Sources */,
				0568960C1A7FE9C800D41B48 /* Frameworks */,
				0568960D1A7FE9C800D41B48 /* CopyFiles */,
			);
			buildRules = (
			);
			dependencies = (
			);
			name = autodiver_cpp;
			productName = autodiver_cpp;
			productReference = 0568960F1A7FE9C800D41B48 /* autodiver_cpp */;
			productType = "com.apple.product-type.tool";
		};
/* End PBXNativeTarget section */

/* Begin PBXProject section */
		056896071A7FE9C800D41B48 /* Project object */ = {
			isa = PBXProject;
			attributes = {
				LastUpgradeCheck = 0610;
				ORGANIZATIONNAME = oisee;
				TargetAttributes = {
					0568960E1A7FE9C800D41B48 = {
						CreatedOnToolsVersion = 6.1.1;
					};
				};
			};
			buildConfigurationList = 0568960A1A7FE9C800D41B48 /* Build configuration list for PBXProject "autodiver_cpp" */;
			compatibilityVersion = "Xcode 3.2";
			developmentRegion = English;
			hasScannedForEncodings = 0;
			knownRegions = (
				en,
			);
			mainGroup = 056896061A7FE9C800D41B48;
			productRefGroup = 056896101A7FE9C800D41B48 /* Products */;
			projectDirPath = "";
			projectRoot = "";
			targets = (
				0568960E1A7FE9C800D41B48 /* autodiver_cpp */,
			);
		};
/* End PBXProject section */

/* Begin PBXSourcesBuildPhase section */
		0568960B1A7FE9C800D41B48 /* Sources */ = {
			isa = PBXSourcesBuildPhase;
			buildActionMask = 2147483647;
			files = (
				056896131A7FE9C800D41B48 /* main.cpp in Sources */,
			);
			runOnlyForDeploymentPostprocessing = 0;
		};
/* End PBXSourcesBuildPhase section */

/* Begin XCBuildConfiguration section */
		056896141A7FE9C800D41B48 /* Debug */ = {
			isa = XCBuildConfiguration;
			buildSettings = {
				ALWAYS_SEARCH_USER_PATHS = NO;
				CLANG_CXX_LANGUAGE_STANDARD = "gnu++0x";
				CLANG_CXX_LIBRARY = "libc++";
				CLANG_ENABLE_MODULES = YES;
				CLANG_ENABLE_OBJC_ARC = YES;
				CLANG_WARN_BOOL_CONVERSION = YES;
				CLANG_WARN_CONSTANT_CONVERSION = YES;
				CLANG_WARN_DIRECT_OBJC_ISA_USAGE = YES_ERROR;
				CLANG_WARN_EMPTY_BODY = YES;
				CLANG_WARN_ENUM_CONVERSION = YES;
				CLANG_WARN_INT_CONVERSION = YES;
				CLANG_WARN_OBJC_ROOT_CLASS = YES_ERROR;
				CLANG_WARN_UNREACHABLE_CODE = YES;
				CLANG_WARN__DUPLICATE_METHOD_MATCH = YES;
				COPY_PHASE_STRIP = NO;
				ENABLE_STRICT_OBJC_MSGSEND = YES;
				GCC_C_LANGUAGE_STANDARD = gnu99;
				GCC_DYNAMIC_NO_PIC = NO;
				GCC_OPTIMIZATION_LEVEL = 0;
				GCC_PREPROCESSOR_DEFINITIONS = (
					"DEBUG=1",
					"$(inherited)",
				);
				GCC_SYMBOLS_PRIVATE_EXTERN = NO;
				GCC_WARN_64_TO_32_BIT_CONVERSION = YES;
				GCC_WARN_ABOUT_RETURN_TYPE = YES_ERROR;
				GCC_WARN_UNDECLARED_SELECTOR = YES;
				GCC_WARN_UNINITIALIZED_AUTOS = YES_AGGRESSIVE;
				GCC_WARN_UNUSED_FUNCTION = YES;
				GCC_WARN_UNUSED_VARIABLE = YES;
				MACOSX_DEPLOYMENT_TARGET = 10.10;
				MTL_ENABLE_DEBUG_INFO = YES;
				ONLY_ACTIVE_ARCH = YES;
				SDKROOT = macosx;
			};
			name = Debug;
		};
		056896151A7FE9C800D41B48 /* Release */ = {
			isa = XCBuildConfiguration;
			buildSettings = {
				ALWAYS_SEARCH_USER_PATHS = NO;
				CLANG_CXX_LANGUAGE_STANDARD = "gnu++0x";
				CLANG_CXX_LIBRARY = "libc++";
				CLANG_ENABLE_MODULES = YES;
				CLANG_ENABLE_OBJC_ARC = YES;
				CLANG_WARN_BOOL_CONVERSION = YES;
				CLANG_WARN_CONSTANT_CONVERSION = YES;
				CLANG_WARN_DIRECT_OBJC_ISA_USAGE = YES_ERROR;
				CLANG_WARN_EMPTY_BODY = YES;
				CLANG_WARN_ENUM_CONVERSION = YES;
				CLANG_WARN_INT_CONVERSION = YES;
				CLANG_WARN_OBJC_ROOT_CLASS = YES_ERROR;
				CLANG_WARN_UNREACHABLE_CODE = YES;
				CLANG_WARN__DUPLICATE_METHOD_MATCH = YES;
				COPY_PHASE_STRIP = YES;
				DEBUG_INFORMATION_FORMAT = "dwarf-with-dsym";
				ENABLE_NS_ASSERTIONS = NO;
				ENABLE_STRICT_OBJC_MSGSEND = YES;
				GCC_C_LANGUAGE_STANDARD = gnu99;
				GCC_WARN_64_TO_32_BIT_CONVERSION = YES;
				GCC_WARN_ABOUT_RETURN_TYPE = YES_ERROR;
				GCC_WARN_UNDECLARED_SELECTOR = YES;
				GCC_WARN_UNINITIALIZED_AUTOS = YES_AGGRESSIVE;
				GCC_WARN_UNUSED_FUNCTION = YES;
				GCC_WARN_UNUSED_VARIABLE = YES;
				MACOSX_DEPLOYMENT_TARGET = 10.10;
				MTL_ENABLE_DEBUG_INFO = NO;
				SDKROOT = macosx;
			};
			name = Release;
		};
		056896171A7FE9C800D41B48 /* Debug */ = {
			isa = XCBuildConfiguration;
			buildSettings = {
				HEADER_SEARCH_PATHS = (
					"$(inherited)",
					/Applications/Xcode.app/Contents/Developer/Toolchains/XcodeDefault.xctoolchain/usr/include,
					"/usr/local/Cellar/imagemagick/6.9.0-3/include/ImageMagick-6",
				);
				OTHER_LDFLAGS = (
					"-DMAGICKCORE_HDRI_ENABLE=0",
					"-DMAGICKCORE_QUANTUM_DEPTH=16",
					"-DMAGICKCORE_HDRI_ENABLE=0",
					"-DMAGICKCORE_QUANTUM_DEPTH=16",
					"-DMAGICKCORE_HDRI_ENABLE=0",
					"-DMAGICKCORE_QUANTUM_DEPTH=16",
					"-I/usr/local/Cellar/imagemagick/6.9.0-3/include/ImageMagick-6",
					"-DMAGICKCORE_HDRI_ENABLE=0",
					"-DMAGICKCORE_QUANTUM_DEPTH=16",
					"-DMAGICKCORE_HDRI_ENABLE=0",
					"-DMAGICKCORE_QUANTUM_DEPTH=16",
					"-DMAGICKCORE_HDRI_ENABLE=0",
					"-DMAGICKCORE_QUANTUM_DEPTH=16",
					"-I/usr/local/Cellar/imagemagick/6.9.0-3/include/ImageMagick-6",
					"-L/usr/local/Cellar/imagemagick/6.9.0-3/lib",
					"-lMagick++-6.Q16",
					"-lMagickWand-6.Q16",
					"-lMagickCore-6.Q16",
					"-L/usr/local/Cellar/imagemagick/6.9.0-3/lib",
					"-lMagick++-6.Q16",
					"-lMagickWand-6.Q16",
					"-lMagickCore-6.Q16",
				);
				PRODUCT_NAME = "$(TARGET_NAME)";
			};
			name = Debug;
		};
		056896181A7FE9C800D41B48 /* Release */ = {
			isa = XCBuildConfiguration;
			buildSettings = {
				HEADER_SEARCH_PATHS = (
					"$(inherited)",
					/Applications/Xcode.app/Contents/Developer/Toolchains/XcodeDefault.xctoolchain/usr/include,
					"/usr/local/Cellar/imagemagick/6.9.0-3/include/ImageMagick-6",
				);
				OTHER_LDFLAGS = (
					"-DMAGICKCORE_HDRI_ENABLE=0",
					"-DMAGICKCORE_QUANTUM_DEPTH=16",
					"-DMAGICKCORE_HDRI_ENABLE=0",
					"-DMAGICKCORE_QUANTUM_DEPTH=16",
					"-DMAGICKCORE_HDRI_ENABLE=0",
					"-DMAGICKCORE_QUANTUM_DEPTH=16",
					"-I/usr/local/Cellar/imagemagick/6.9.0-3/include/ImageMagick-6",
					"-DMAGICKCORE_HDRI_ENABLE=0",
					"-DMAGICKCORE_QUANTUM_DEPTH=16",
					"-DMAGICKCORE_HDRI_ENABLE=0",
					"-DMAGICKCORE_QUANTUM_DEPTH=16",
					"-DMAGICKCORE_HDRI_ENABLE=0",
					"-DMAGICKCORE_QUANTUM_DEPTH=16",
					"-I/usr/local/Cellar/imagemagick/6.9.0-3/include/ImageMagick-6",
					"-L/usr/local/Cellar/imagemagick/6.9.0-3/lib",
					"-lMagick++-6.Q16",
					"-lMagickWand-6.Q16",
					"-lMagickCore-6.Q16",
					"-L/usr/local/Cellar/imagemagick/6.9.0-3/lib",
					"-lMagick++-6.Q16",
					"-lMagickWand-6.Q16",
					"-lMagickCore-6.Q16",
				);
				PRODUCT_NAME = "$(TARGET_NAME)";
			};
			name = Release;
		};
/* End XCBuildConfiguration section */

/* Begin XCConfigurationList section */
		0568960A1A7FE9C800D41B48 /* Build configuration list for PBXProject "autodiver_cpp" */ = {
			isa = XCConfigurationList;
			buildConfigurations = (
				056896141A7FE9C800D41B48 /* Debug */,
				056896151A7FE9C800D41B48 /* Release */,
			);
			defaultConfigurationIsVisible = 0;
			defaultConfigurationName = Release;
		};
		056896161A7FE9C800D41B48 /* Build configuration list for PBXNativeTarget "autodiver_cpp" */ = {
			isa = XCConfigurationList;
			buildConfigurations = (
				056896171A7FE9C800D41B48 /* Debug */,
				056896181A7FE9C800D41B48 /* Release */,
			);
			defaultConfigurationIsVisible = 0;
			defaultConfigurationName = Release;
		};
/* End XCConfigurationList section */
	};
	rootObject = 056896071A7FE9C800D41B48 /* Project object */;
}
